
Microsoft Visual Studio Solution File, Format Version 12.00
Project("{FAE04EC0-301F-11D3-BF4B-00C04F79EFBC}") = "rm-sciage.api", "rm-sciage.api\rm-sciage.api.csproj", "{1E3CE3A5-2EA9-4A3C-8281-6AC7C9E54EE0}"
EndProject
Project("{2150E333-8FDC-42A3-9474-1A3956D46DE8}") = "Core", "Core", "{C166AA73-AE8A-457F-8EEA-FBDB1D81F1A8}"
EndProject
Project("{2150E333-8FDC-42A3-9474-1A3956D46DE8}") = "Application", "Application", "{DC1439DC-766C-4BF6-9F06-7575671C6F42}"
EndProject
Project("{2150E333-8FDC-42A3-9474-1A3956D46DE8}") = "Infrastructure", "Infrastructure", "{B7797963-38D5-4BC4-AF73-B90D203FACE2}"
EndProject
Project("{FAE04EC0-301F-11D3-BF4B-00C04F79EFBC}") = "rm-sciage.application", "rm-sciage.application\rm-sciage.application.csproj", "{4B02BA0A-002A-4BDB-9845-D46F01E28A92}"
EndProject
Project("{FAE04EC0-301F-11D3-BF4B-00C04F79EFBC}") = "rm-sciage.domain", "rm-sciage.domain\rm-sciage.domain.csproj", "{A672EB94-4844-48C8-A419-1223006789C1}"
EndProject
Project("{FAE04EC0-301F-11D3-BF4B-00C04F79EFBC}") = "rm-sciage.infrastructure", "rm-sciage.infrastructure\rm-sciage.infrastructure.csproj", "{6892882B-2472-4630-A331-B0C2D130FD68}"
EndProject
Project("{FAE04EC0-301F-11D3-BF4B-00C04F79EFBC}") = "rm-sciage.persistance", "rm-sciage.persistance\rm-sciage.persistance.csproj", "{BCC74837-9AAA-4A73-90EE-DA9D6FA130A4}"
EndProject
Global
	GlobalSection(SolutionConfigurationPlatforms) = preSolution
		Debug|Any CPU = Debug|Any CPU
		Release|Any CPU = Release|Any CPU
	EndGlobalSection
	GlobalSection(ProjectConfigurationPlatforms) = postSolution
		{1E3CE3A5-2EA9-4A3C-8281-6AC7C9E54EE0}.Debug|Any CPU.ActiveCfg = Debug|Any CPU
		{1E3CE3A5-2EA9-4A3C-8281-6AC7C9E54EE0}.Debug|Any CPU.Build.0 = Debug|Any CPU
		{1E3CE3A5-2EA9-4A3C-8281-6AC7C9E54EE0}.Release|Any CPU.ActiveCfg = Release|Any CPU
		{1E3CE3A5-2EA9-4A3C-8281-6AC7C9E54EE0}.Release|Any CPU.Build.0 = Release|Any CPU
		{4B02BA0A-002A-4BDB-9845-D46F01E28A92}.Debug|Any CPU.ActiveCfg = Debug|Any CPU
		{4B02BA0A-002A-4BDB-9845-D46F01E28A92}.Debug|Any CPU.Build.0 = Debug|Any CPU
		{4B02BA0A-002A-4BDB-9845-D46F01E28A92}.Release|Any CPU.ActiveCfg = Release|Any CPU
		{4B02BA0A-002A-4BDB-9845-D46F01E28A92}.Release|Any CPU.Build.0 = Release|Any CPU
		{A672EB94-4844-48C8-A419-1223006789C1}.Debug|Any CPU.ActiveCfg = Debug|Any CPU
		{A672EB94-4844-48C8-A419-1223006789C1}.Debug|Any CPU.Build.0 = Debug|Any CPU
		{A672EB94-4844-48C8-A419-1223006789C1}.Release|Any CPU.ActiveCfg = Release|Any CPU
		{A672EB94-4844-48C8-A419-1223006789C1}.Release|Any CPU.Build.0 = Release|Any CPU
		{6892882B-2472-4630-A331-B0C2D130FD68}.Debug|Any CPU.ActiveCfg = Debug|Any CPU
		{6892882B-2472-4630-A331-B0C2D130FD68}.Debug|Any CPU.Build.0 = Debug|Any CPU
		{6892882B-2472-4630-A331-B0C2D130FD68}.Release|Any CPU.ActiveCfg = Release|Any CPU
		{6892882B-2472-4630-A331-B0C2D130FD68}.Release|Any CPU.Build.0 = Release|Any CPU
		{BCC74837-9AAA-4A73-90EE-DA9D6FA130A4}.Debug|Any CPU.ActiveCfg = Debug|Any CPU
		{BCC74837-9AAA-4A73-90EE-DA9D6FA130A4}.Debug|Any CPU.Build.0 = Debug|Any CPU
		{BCC74837-9AAA-4A73-90EE-DA9D6FA130A4}.Release|Any CPU.ActiveCfg = Release|Any CPU
		{BCC74837-9AAA-4A73-90EE-DA9D6FA130A4}.Release|Any CPU.Build.0 = Release|Any CPU
	EndGlobalSection
	GlobalSection(NestedProjects) = preSolution
		{1E3CE3A5-2EA9-4A3C-8281-6AC7C9E54EE0} = {DC1439DC-766C-4BF6-9F06-7575671C6F42}
		{4B02BA0A-002A-4BDB-9845-D46F01E28A92} = {C166AA73-AE8A-457F-8EEA-FBDB1D81F1A8}
		{A672EB94-4844-48C8-A419-1223006789C1} = {C166AA73-AE8A-457F-8EEA-FBDB1D81F1A8}
		{6892882B-2472-4630-A331-B0C2D130FD68} = {B7797963-38D5-4BC4-AF73-B90D203FACE2}
		{BCC74837-9AAA-4A73-90EE-DA9D6FA130A4} = {B7797963-38D5-4BC4-AF73-B90D203FACE2}
	EndGlobalSection
EndGlobal
